PODS:
  - SSCustomPullToRefresh (0.1.0)

DEPENDENCIES:
  - SSCustomPullToRefresh (from `../`)

EXTERNAL SOURCES:
  SSCustomPullToRefresh:
    :path: "../"

SPEC CHECKSUMS:
  SSCustomPullToRefresh: 8a47d5129c3f5f4d040ad35f636f18d72786e5da

PODFILE CHECKSUM: f06a0916bc2e4abe788076b7801519729069b886

COCOAPODS: 1.10.1
