PODS:
  - SSCustomPullToRefresh (1.0.0)

DEPENDENCIES:
  - SSCustomPullToRefresh (from `../`)

EXTERNAL SOURCES:
  SSCustomPullToRefresh:
    :path: "../"

SPEC CHECKSUMS:
  SSCustomPullToRefresh: 4b91bbca6e618ec669e468bf425ded6e8fffa759

PODFILE CHECKSUM: f06a0916bc2e4abe788076b7801519729069b886

COCOAPODS: 1.10.1
