// !$*UTF8*$!
{
	archiveVersion = 1;
	classes = {
	};
	objectVersion = 50;
	objects = {

/* Begin PBXBuildFile section */
		03F6D09C260885390064BC26 /* AppDelegate.swift in Sources */ = {isa = PBXBuildFile; fileRef = 03F6D09B260885390064BC26 /* AppDelegate.swift */; };
		03F6D09E260885390064BC26 /* SceneDelegate.swift in Sources */ = {isa = PBXBuildFile; fileRef = 03F6D09D260885390064BC26 /* SceneDelegate.swift */; };
		03F6D0A0260885390064BC26 /* ViewController.swift in Sources */ = {isa = PBXBuildFile; fileRef = 03F6D09F260885390064BC26 /* ViewController.swift */; };
		03F6D0A3260885390064BC26 /* Main.storyboard in Resources */ = {isa = PBXBuildFile; fileRef = 03F6D0A1260885390064BC26 /* Main.storyboard */; };
		03F6D0A5260885390064BC26 /* Assets.xcassets in Resources */ = {isa = PBXBuildFile; fileRef = 03F6D0A4260885390064BC26 /* Assets.xcassets */; };
		03F6D0A8260885390064BC26 /* LaunchScreen.storyboard in Resources */ = {isa = PBXBuildFile; fileRef = 03F6D0A6260885390064BC26 /* LaunchScreen.storyboard */; };
		03F6D0B22608858F0064BC26 /* User.json in Resources */ = {isa = PBXBuildFile; fileRef = 03F6D0B12608858F0064BC26 /* User.json */; };
		03F6D0B72608990E0064BC26 /* compass_background@2x.png in Resources */ = {isa = PBXBuildFile; fileRef = 03F6D0B52608990E0064BC26 /* compass_background@2x.png */; };
		03F6D0B82608990E0064BC26 /* compass_spinner@2x.png in Resources */ = {isa = PBXBuildFile; fileRef = 03F6D0B62608990E0064BC26 /* compass_spinner@2x.png */; };
/* End PBXBuildFile section */

/* Begin PBXFileReference section */
		03F6D098260885390064BC26 /* PullToRefreshDemo.app */ = {isa = PBXFileReference; explicitFileType = wrapper.application; includeInIndex = 0; path = PullToRefreshDemo.app; sourceTree = BUILT_PRODUCTS_DIR; };
		03F6D09B260885390064BC26 /* AppDelegate.swift */ = {isa = PBXFileReference; lastKnownFileType = sourcecode.swift; path = AppDelegate.swift; sourceTree = "<group>"; };
		03F6D09D260885390064BC26 /* SceneDelegate.swift */ = {isa = PBXFileReference; lastKnownFileType = sourcecode.swift; path = SceneDelegate.swift; sourceTree = "<group>"; };
		03F6D09F260885390064BC26 /* ViewController.swift */ = {isa = PBXFileReference; lastKnownFileType = sourcecode.swift; path = ViewController.swift; sourceTree = "<group>"; };
		03F6D0A2260885390064BC26 /* Base */ = {isa = PBXFileReference; lastKnownFileType = file.storyboard; name = Base; path = Base.lproj/Main.storyboard; sourceTree = "<group>"; };
		03F6D0A4260885390064BC26 /* Assets.xcassets */ = {isa = PBXFileReference; lastKnownFileType = folder.assetcatalog; path = Assets.xcassets; sourceTree = "<group>"; };
		03F6D0A7260885390064BC26 /* Base */ = {isa = PBXFileReference; lastKnownFileType = file.storyboard; name = Base; path = Base.lproj/LaunchScreen.storyboard; sourceTree = "<group>"; };
		03F6D0A9260885390064BC26 /* Info.plist */ = {isa = PBXFileReference; lastKnownFileType = text.plist.xml; path = Info.plist; sourceTree = "<group>"; };
		03F6D0B12608858F0064BC26 /* User.json */ = {isa = PBXFileReference; fileEncoding = 4; lastKnownFileType = text.json; path = User.json; sourceTree = "<group>"; };
		03F6D0B52608990E0064BC26 /* compass_background@2x.png */ = {isa = PBXFileReference; lastKnownFileType = image.png; path = "compass_background@2x.png"; sourceTree = "<group>"; };
		03F6D0B62608990E0064BC26 /* compass_spinner@2x.png */ = {isa = PBXFileReference; lastKnownFileType = image.png; path = "compass_spinner@2x.png"; sourceTree = "<group>"; };
/* End PBXFileReference section */

/* Begin PBXFrameworksBuildPhase section */
		03F6D095260885390064BC26 /* Frameworks */ = {
			isa = PBXFrameworksBuildPhase;
			buildActionMask = 2147483647;
			files = (
			);
			runOnlyForDeploymentPostprocessing = 0;
		};
/* End PBXFrameworksBuildPhase section */

/* Begin PBXGroup section */
		03F6D08F260885390064BC26 = {
			isa = PBXGroup;
			children = (
				03F6D09A260885390064BC26 /* PullToRefreshDemo */,
				03F6D099260885390064BC26 /* Products */,
			);
			sourceTree = "<group>";
		};
		03F6D099260885390064BC26 /* Products */ = {
			isa = PBXGroup;
			children = (
				03F6D098260885390064BC26 /* PullToRefreshDemo.app */,
			);
			name = Products;
			sourceTree = "<group>";
		};
		03F6D09A260885390064BC26 /* PullToRefreshDemo */ = {
			isa = PBXGroup;
			children = (
				03F6D0B0260885570064BC26 /* Resource */,
				03F6D09B260885390064BC26 /* AppDelegate.swift */,
				03F6D09D260885390064BC26 /* SceneDelegate.swift */,
				03F6D09F260885390064BC26 /* ViewController.swift */,
				03F6D0A1260885390064BC26 /* Main.storyboard */,
				03F6D0A6260885390064BC26 /* LaunchScreen.storyboard */,
				03F6D0A9260885390064BC26 /* Info.plist */,
			);
			path = PullToRefreshDemo;
			sourceTree = "<group>";
		};
		03F6D0B0260885570064BC26 /* Resource */ = {
			isa = PBXGroup;
			children = (
				03F6D0B52608990E0064BC26 /* compass_background@2x.png */,
				03F6D0B62608990E0064BC26 /* compass_spinner@2x.png */,
				03F6D0B12608858F0064BC26 /* User.json */,
				03F6D0A4260885390064BC26 /* Assets.xcassets */,
			);
			path = Resource;
			sourceTree = "<group>";
		};
/* End PBXGroup section */

/* Begin PBXNativeTarget section */
		03F6D097260885390064BC26 /* PullToRefreshDemo */ = {
			isa = PBXNativeTarget;
			buildConfigurationList = 03F6D0AC260885390064BC26 /* Build configuration list for PBXNativeTarget "PullToRefreshDemo" */;
			buildPhases = (
				03F6D094260885390064BC26 /* Sources */,
				03F6D095260885390064BC26 /* Frameworks */,
				03F6D096260885390064BC26 /* Resources */,
			);
			buildRules = (
			);
			dependencies = (
			);
			name = PullToRefreshDemo;
			productName = PullToRefreshDemo;
			productReference = 03F6D098260885390064BC26 /* PullToRefreshDemo.app */;
			productType = "com.apple.product-type.application";
		};
/* End PBXNativeTarget section */

/* Begin PBXProject section */
		03F6D090260885390064BC26 /* Project object */ = {
			isa = PBXProject;
			attributes = {
				LastSwiftUpdateCheck = 1230;
				LastUpgradeCheck = 1230;
				TargetAttributes = {
					03F6D097260885390064BC26 = {
						CreatedOnToolsVersion = 12.3;
					};
				};
			};
			buildConfigurationList = 03F6D093260885390064BC26 /* Build configuration list for PBXProject "PullToRefreshDemo" */;
			compatibilityVersion = "Xcode 9.3";
			developmentRegion = en;
			hasScannedForEncodings = 0;
			knownRegions = (
				en,
				Base,
			);
			mainGroup = 03F6D08F260885390064BC26;
			productRefGroup = 03F6D099260885390064BC26 /* Products */;
			projectDirPath = "";
			projectRoot = "";
			targets = (
				03F6D097260885390064BC26 /* PullToRefreshDemo */,
			);
		};
/* End PBXProject section */

/* Begin PBXResourcesBuildPhase section */
		03F6D096260885390064BC26 /* Resources */ = {
			isa = PBXResourcesBuildPhase;
			buildActionMask = 2147483647;
			files = (
				03F6D0B72608990E0064BC26 /* compass_background@2x.png in Resources */,
				03F6D0B22608858F0064BC26 /* User.json in Resources */,
				03F6D0A8260885390064BC26 /* LaunchScreen.storyboard in Resources */,
				03F6D0B82608990E0064BC26 /* compass_spinner@2x.png in Resources */,
				03F6D0A5260885390064BC26 /* Assets.xcassets in Resources */,
				03F6D0A3260885390064BC26 /* Main.storyboard in Resources */,
			);
			runOnlyForDeploymentPostprocessing = 0;
		};
/* End PBXResourcesBuildPhase section */

/* Begin PBXSourcesBuildPhase section */
		03F6D094260885390064BC26 /* Sources */ = {
			isa = PBXSourcesBuildPhase;
			buildActionMask = 2147483647;
			files = (
				03F6D0A0260885390064BC26 /* ViewController.swift in Sources */,
				03F6D09C260885390064BC26 /* AppDelegate.swift in Sources */,
				03F6D09E260885390064BC26 /* SceneDelegate.swift in Sources */,
			);
			runOnlyForDeploymentPostprocessing = 0;
		};
/* End PBXSourcesBuildPhase section */

/* Begin PBXVariantGroup section */
		03F6D0A1260885390064BC26 /* Main.storyboard */ = {
			isa = PBXVariantGroup;
			children = (
				03F6D0A2260885390064BC26 /* Base */,
			);
			name = Main.storyboard;
			sourceTree = "<group>";
		};
		03F6D0A6260885390064BC26 /* LaunchScreen.storyboard */ = {
			isa = PBXVariantGroup;
			children = (
				03F6D0A7260885390064BC26 /* Base */,
			);
			name = LaunchScreen.storyboard;
			sourceTree = "<group>";
		};
/* End PBXVariantGroup section */

/* Begin XCBuildConfiguration section */
		03F6D0AA260885390064BC26 /* Debug */ = {
			isa = XCBuildConfiguration;
			buildSettings = {
				ALWAYS_SEARCH_USER_PATHS = NO;
				CLANG_ANALYZER_NONNULL = YES;
				CLANG_ANALYZER_NUMBER_OBJECT_CONVERSION = YES_AGGRESSIVE;
				CLANG_CXX_LANGUAGE_STANDARD = "gnu++14";
				CLANG_CXX_LIBRARY = "libc++";
				CLANG_ENABLE_MODULES = YES;
				CLANG_ENABLE_OBJC_ARC = YES;
				CLANG_ENABLE_OBJC_WEAK = YES;
				CLANG_WARN_BLOCK_CAPTURE_AUTORELEASING = YES;
				CLANG_WARN_BOOL_CONVERSION = YES;
				CLANG_WARN_COMMA = YES;
				CLANG_WARN_CONSTANT_CONVERSION = YES;
				CLANG_WARN_DEPRECATED_OBJC_IMPLEMENTATIONS = YES;
				CLANG_WARN_DIRECT_OBJC_ISA_USAGE = YES_ERROR;
				CLANG_WARN_DOCUMENTATION_COMMENTS = YES;
				CLANG_WARN_EMPTY_BODY = YES;
				CLANG_WARN_ENUM_CONVERSION = YES;
				CLANG_WARN_INFINITE_RECURSION = YES;
				CLANG_WARN_INT_CONVERSION = YES;
				CLANG_WARN_NON_LITERAL_NULL_CONVERSION = YES;
				CLANG_WARN_OBJC_IMPLICIT_RETAIN_SELF = YES;
				CLANG_WARN_OBJC_LITERAL_CONVERSION = YES;
				CLANG_WARN_OBJC_ROOT_CLASS = YES_ERROR;
				CLANG_WARN_QUOTED_INCLUDE_IN_FRAMEWORK_HEADER = YES;
				CLANG_WARN_RANGE_LOOP_ANALYSIS = YES;
				CLANG_WARN_STRICT_PROTOTYPES = YES;
				CLANG_WARN_SUSPICIOUS_MOVE = YES;
				CLANG_WARN_UNGUARDED_AVAILABILITY = YES_AGGRESSIVE;
				CLANG_WARN_UNREACHABLE_CODE = YES;
				CLANG_WARN__DUPLICATE_METHOD_MATCH = YES;
				COPY_PHASE_STRIP = NO;
				DEBUG_INFORMATION_FORMAT = dwarf;
				ENABLE_STRICT_OBJC_MSGSEND = YES;
				ENABLE_TESTABILITY = YES;
				GCC_C_LANGUAGE_STANDARD = gnu11;
				GCC_DYNAMIC_NO_PIC = NO;
				GCC_NO_COMMON_BLOCKS = YES;
				GCC_OPTIMIZATION_LEVEL = 0;
				GCC_PREPROCESSOR_DEFINITIONS = (
					"DEBUG=1",
					"$(inherited)",
				);
				GCC_WARN_64_TO_32_BIT_CONVERSION = YES;
				GCC_WARN_ABOUT_RETURN_TYPE = YES_ERROR;
				GCC_WARN_UNDECLARED_SELECTOR = YES;
				GCC_WARN_UNINITIALIZED_AUTOS = YES_AGGRESSIVE;
				GCC_WARN_UNUSED_FUNCTION = YES;
				GCC_WARN_UNUSED_VARIABLE = YES;
				IPHONEOS_DEPLOYMENT_TARGET = 14.3;
				MTL_ENABLE_DEBUG_INFO = INCLUDE_SOURCE;
				MTL_FAST_MATH = YES;
				ONLY_ACTIVE_ARCH = YES;
				SDKROOT = iphoneos;
				SWIFT_ACTIVE_COMPILATION_CONDITIONS = DEBUG;
				SWIFT_OPTIMIZATION_LEVEL = "-Onone";
			};
			name = Debug;
		};
		03F6D0AB260885390064BC26 /* Release */ = {
			isa = XCBuildConfiguration;
			buildSettings = {
				ALWAYS_SEARCH_USER_PATHS = NO;
				CLANG_ANALYZER_NONNULL = YES;
				CLANG_ANALYZER_NUMBER_OBJECT_CONVERSION = YES_AGGRESSIVE;
				CLANG_CXX_LANGUAGE_STANDARD = "gnu++14";
				CLANG_CXX_LIBRARY = "libc++";
				CLANG_ENABLE_MODULES = YES;
				CLANG_ENABLE_OBJC_ARC = YES;
				CLANG_ENABLE_OBJC_WEAK = YES;
				CLANG_WARN_BLOCK_CAPTURE_AUTORELEASING = YES;
				CLANG_WARN_BOOL_CONVERSION = YES;
				CLANG_WARN_COMMA = YES;
				CLANG_WARN_CONSTANT_CONVERSION = YES;
				CLANG_WARN_DEPRECATED_OBJC_IMPLEMENTATIONS = YES;
				CLANG_WARN_DIRECT_OBJC_ISA_USAGE = YES_ERROR;
				CLANG_WARN_DOCUMENTATION_COMMENTS = YES;
				CLANG_WARN_EMPTY_BODY = YES;
				CLANG_WARN_ENUM_CONVERSION = YES;
				CLANG_WARN_INFINITE_RECURSION = YES;
				CLANG_WARN_INT_CONVERSION = YES;
				CLANG_WARN_NON_LITERAL_NULL_CONVERSION = YES;
				CLANG_WARN_OBJC_IMPLICIT_RETAIN_SELF = YES;
				CLANG_WARN_OBJC_LITERAL_CONVERSION = YES;
				CLANG_WARN_OBJC_ROOT_CLASS = YES_ERROR;
				CLANG_WARN_QUOTED_INCLUDE_IN_FRAMEWORK_HEADER = YES;
				CLANG_WARN_RANGE_LOOP_ANALYSIS = YES;
				CLANG_WARN_STRICT_PROTOTYPES = YES;
				CLANG_WARN_SUSPICIOUS_MOVE = YES;
				CLANG_WARN_UNGUARDED_AVAILABILITY = YES_AGGRESSIVE;
				CLANG_WARN_UNREACHABLE_CODE = YES;
				CLANG_WARN__DUPLICATE_METHOD_MATCH = YES;
				COPY_PHASE_STRIP = NO;
				DEBUG_INFORMATION_FORMAT = "dwarf-with-dsym";
				ENABLE_NS_ASSERTIONS = NO;
				ENABLE_STRICT_OBJC_MSGSEND = YES;
				GCC_C_LANGUAGE_STANDARD = gnu11;
				GCC_NO_COMMON_BLOCKS = YES;
				GCC_WARN_64_TO_32_BIT_CONVERSION = YES;
				GCC_WARN_ABOUT_RETURN_TYPE = YES_ERROR;
				GCC_WARN_UNDECLARED_SELECTOR = YES;
				GCC_WARN_UNINITIALIZED_AUTOS = YES_AGGRESSIVE;
				GCC_WARN_UNUSED_FUNCTION = YES;
				GCC_WARN_UNUSED_VARIABLE = YES;
				IPHONEOS_DEPLOYMENT_TARGET = 14.3;
				MTL_ENABLE_DEBUG_INFO = NO;
				MTL_FAST_MATH = YES;
				SDKROOT = iphoneos;
				SWIFT_COMPILATION_MODE = wholemodule;
				SWIFT_OPTIMIZATION_LEVEL = "-O";
				VALIDATE_PRODUCT = YES;
			};
			name = Release;
		};
		03F6D0AD260885390064BC26 /* Debug */ = {
			isa = XCBuildConfiguration;
			buildSettings = {
				ASSETCATALOG_COMPILER_APPICON_NAME = AppIcon;
				ASSETCATALOG_COMPILER_GLOBAL_ACCENT_COLOR_NAME = AccentColor;
				CODE_SIGN_STYLE = Automatic;
				INFOPLIST_FILE = PullToRefreshDemo/Info.plist;
				LD_RUNPATH_SEARCH_PATHS = (
					"$(inherited)",
					"@executable_path/Frameworks",
				);
				PRODUCT_BUNDLE_IDENTIFIER = com.simform.PullToRefreshDemo;
				PRODUCT_NAME = "$(TARGET_NAME)";
				SWIFT_VERSION = 5.0;
				TARGETED_DEVICE_FAMILY = "1,2";
			};
			name = Debug;
		};
		03F6D0AE260885390064BC26 /* Release */ = {
			isa = XCBuildConfiguration;
			buildSettings = {
				ASSETCATALOG_COMPILER_APPICON_NAME = AppIcon;
				ASSETCATALOG_COMPILER_GLOBAL_ACCENT_COLOR_NAME = AccentColor;
				CODE_SIGN_STYLE = Automatic;
				INFOPLIST_FILE = PullToRefreshDemo/Info.plist;
				LD_RUNPATH_SEARCH_PATHS = (
					"$(inherited)",
					"@executable_path/Frameworks",
				);
				PRODUCT_BUNDLE_IDENTIFIER = com.simform.PullToRefreshDemo;
				PRODUCT_NAME = "$(TARGET_NAME)";
				SWIFT_VERSION = 5.0;
				TARGETED_DEVICE_FAMILY = "1,2";
			};
			name = Release;
		};
/* End XCBuildConfiguration section */

/* Begin XCConfigurationList section */
		03F6D093260885390064BC26 /* Build configuration list for PBXProject "PullToRefreshDemo" */ = {
			isa = XCConfigurationList;
			buildConfigurations = (
				03F6D0AA260885390064BC26 /* Debug */,
				03F6D0AB260885390064BC26 /* Release */,
			);
			defaultConfigurationIsVisible = 0;
			defaultConfigurationName = Release;
		};
		03F6D0AC260885390064BC26 /* Build configuration list for PBXNativeTarget "PullToRefreshDemo" */ = {
			isa = XCConfigurationList;
			buildConfigurations = (
				03F6D0AD260885390064BC26 /* Debug */,
				03F6D0AE260885390064BC26 /* Release */,
			);
			defaultConfigurationIsVisible = 0;
			defaultConfigurationName = Release;
		};
/* End XCConfigurationList section */
	};
	rootObject = 03F6D090260885390064BC26 /* Project object */;
}
